
Microsoft Visual Studio Solution File, Format Version 12.00
# Visual Studio 2012
Project("{FAE04EC0-301F-11D3-BF4B-00C04F79EFBC}") = "AccessDemo", "AccessDemo\AccessDemo.csproj", "{D4DD2FEE-71C8-450E-B386-18C222BBBC71}"
EndProject
Project("{FAE04EC0-301F-11D3-BF4B-00C04F79EFBC}") = "AccessDemo2", "AccessDemo2\AccessDemo2.csproj", "{9DDCA682-9527-43A0-AF2E-692E8A719009}"
EndProject
Global
	GlobalSection(SolutionConfigurationPlatforms) = preSolution
		Debug|Any CPU = Debug|Any CPU
		Release|Any CPU = Release|Any CPU
	EndGlobalSection
	GlobalSection(ProjectConfigurationPlatforms) = postSolution
		{D4DD2FEE-71C8-450E-B386-18C222BBBC71}.Debug|Any CPU.ActiveCfg = Debug|Any CPU
		{D4DD2FEE-71C8-450E-B386-18C222BBBC71}.Debug|Any CPU.Build.0 = Debug|Any CPU
		{D4DD2FEE-71C8-450E-B386-18C222BBBC71}.Release|Any CPU.ActiveCfg = Release|Any CPU
		{D4DD2FEE-71C8-450E-B386-18C222BBBC71}.Release|Any CPU.Build.0 = Release|Any CPU
		{9DDCA682-9527-43A0-AF2E-692E8A719009}.Debug|Any CPU.ActiveCfg = Debug|Any CPU
		{9DDCA682-9527-43A0-AF2E-692E8A719009}.Debug|Any CPU.Build.0 = Debug|Any CPU
		{9DDCA682-9527-43A0-AF2E-692E8A719009}.Release|Any CPU.ActiveCfg = Release|Any CPU
		{9DDCA682-9527-43A0-AF2E-692E8A719009}.Release|Any CPU.Build.0 = Release|Any CPU
	EndGlobalSection
	GlobalSection(SolutionProperties) = preSolution
		HideSolutionNode = FALSE
	EndGlobalSection
EndGlobal
